
Microsoft Visual Studio Solution File, Format Version 12.00
# Visual Studio Version 16
VisualStudioVersion = 16.0.31402.337
MinimumVisualStudioVersion = 10.0.40219.1
Project("{9A19103F-16F7-4668-BE54-9A1E7A4F7556}") = "ECommerceApp", "CSharp-Assignment\ECommerceApp.csproj", "{17AA4839-3072-4A20-A255-B3A61EB52452}"
EndProject
Global
	GlobalSection(SolutionConfigurationPlatforms) = preSolution
		Debug|Any CPU = Debug|Any CPU
		Release|Any CPU = Release|Any CPU
	EndGlobalSection
	GlobalSection(ProjectConfigurationPlatforms) = postSolution
		{17AA4839-3072-4A20-A255-B3A61EB52452}.Debug|Any CPU.ActiveCfg = Debug|Any CPU
		{17AA4839-3072-4A20-A255-B3A61EB52452}.Debug|Any CPU.Build.0 = Debug|Any CPU
		{17AA4839-3072-4A20-A255-B3A61EB52452}.Release|Any CPU.ActiveCfg = Release|Any CPU
		{17AA4839-3072-4A20-A255-B3A61EB52452}.Release|Any CPU.Build.0 = Release|Any CPU
	EndGlobalSection
	GlobalSection(SolutionProperties) = preSolution
		HideSolutionNode = FALSE
	EndGlobalSection
	GlobalSection(ExtensibilityGlobals) = postSolution
		SolutionGuid = {14283CCF-C00D-4CAD-A638-CCED487D872A}
	EndGlobalSection
EndGlobal
